// !$*UTF8*$!
{
	archiveVersion = 1;
	classes = {
	};
	objectVersion = 56;
	objects = {

/* Begin PBXBuildFile section */
		E4371EC62BA979EA007CF442 /* Color+Theme.swift in Sources */ = {isa = PBXBuildFile; fileRef = E4371EC52BA979EA007CF442 /* Color+Theme.swift */; };
		E4371EC82BA97ACD007CF442 /* Dimensions.swift in Sources */ = {isa = PBXBuildFile; fileRef = E4371EC72BA97ACD007CF442 /* Dimensions.swift */; };
		E4371ECC2BA97DBD007CF442 /* RootView.swift in Sources */ = {isa = PBXBuildFile; fileRef = E4371ECB2BA97DBD007CF442 /* RootView.swift */; };
		E4371ECF2BA97F5F007CF442 /* View+Size.swift in Sources */ = {isa = PBXBuildFile; fileRef = E4371ECE2BA97F5F007CF442 /* View+Size.swift */; };
		E4371ED42BA98090007CF442 /* FlagCardView.swift in Sources */ = {isa = PBXBuildFile; fileRef = E4371ED32BA98090007CF442 /* FlagCardView.swift */; };
		E4371ED62BA98676007CF442 /* View+FontStyle.swift in Sources */ = {isa = PBXBuildFile; fileRef = E4371ED52BA98676007CF442 /* View+FontStyle.swift */; };
		E4371EDB2BA99A59007CF442 /* View+CornerRadius.swift in Sources */ = {isa = PBXBuildFile; fileRef = E4371EDA2BA99A59007CF442 /* View+CornerRadius.swift */; };
		E4371EDD2BA99A84007CF442 /* View+Shadow.swift in Sources */ = {isa = PBXBuildFile; fileRef = E4371EDC2BA99A84007CF442 /* View+Shadow.swift */; };
		E4371EDF2BA99C3D007CF442 /* Strings+.swift in Sources */ = {isa = PBXBuildFile; fileRef = E4371EDE2BA99C3D007CF442 /* Strings+.swift */; };
		E4371EE32BA99D1B007CF442 /* CountryHeaderView.swift in Sources */ = {isa = PBXBuildFile; fileRef = E4371EE22BA99D1B007CF442 /* CountryHeaderView.swift */; };
		E45F57FD2BA86E5500041796 /* ElectroluxTestAssignmentApp.swift in Sources */ = {isa = PBXBuildFile; fileRef = E45F57FC2BA86E5500041796 /* ElectroluxTestAssignmentApp.swift */; };
		E45F58012BA86E5600041796 /* Assets.xcassets in Resources */ = {isa = PBXBuildFile; fileRef = E45F58002BA86E5600041796 /* Assets.xcassets */; };
		E45F58042BA86E5600041796 /* Preview Assets.xcassets in Resources */ = {isa = PBXBuildFile; fileRef = E45F58032BA86E5600041796 /* Preview Assets.xcassets */; };
		E45F58182BA86E5600041796 /* ElectroluxTestAssignmentUITests.swift in Sources */ = {isa = PBXBuildFile; fileRef = E45F58172BA86E5600041796 /* ElectroluxTestAssignmentUITests.swift */; };
		E45F581A2BA86E5600041796 /* ElectroluxTestAssignmentUITestsLaunchTests.swift in Sources */ = {isa = PBXBuildFile; fileRef = E45F58192BA86E5600041796 /* ElectroluxTestAssignmentUITestsLaunchTests.swift */; };
		E45F58312BA87CA400041796 /* CountriesData.json in Resources */ = {isa = PBXBuildFile; fileRef = E45F58302BA87CA400041796 /* CountriesData.json */; };
		E45F58342BA87CE000041796 /* CountryItem.swift in Sources */ = {isa = PBXBuildFile; fileRef = E45F58332BA87CE000041796 /* CountryItem.swift */; };
		E45F58372BA8811300041796 /* CountryDataSource.swift in Sources */ = {isa = PBXBuildFile; fileRef = E45F58362BA8811300041796 /* CountryDataSource.swift */; };
		E45F58392BA8822200041796 /* CountryError.swift in Sources */ = {isa = PBXBuildFile; fileRef = E45F58382BA8822200041796 /* CountryError.swift */; };
		E45F583B2BA8850100041796 /* CountriesDataSourceTests.swift in Sources */ = {isa = PBXBuildFile; fileRef = E45F583A2BA8850100041796 /* CountriesDataSourceTests.swift */; };
		E45F583D2BA897E200041796 /* RootViewModel.swift in Sources */ = {isa = PBXBuildFile; fileRef = E45F583C2BA897E200041796 /* RootViewModel.swift */; };
		E45F583F2BA89A2700041796 /* RootViewModelTests.swift in Sources */ = {isa = PBXBuildFile; fileRef = E45F583E2BA89A2700041796 /* RootViewModelTests.swift */; };
/* End PBXBuildFile section */

/* Begin PBXContainerItemProxy section */
		E45F580A2BA86E5600041796 /* PBXContainerItemProxy */ = {
			isa = PBXContainerItemProxy;
			containerPortal = E45F57F12BA86E5500041796 /* Project object */;
			proxyType = 1;
			remoteGlobalIDString = E45F57F82BA86E5500041796;
			remoteInfo = ElectroluxTestAssignment;
		};
		E45F58142BA86E5600041796 /* PBXContainerItemProxy */ = {
			isa = PBXContainerItemProxy;
			containerPortal = E45F57F12BA86E5500041796 /* Project object */;
			proxyType = 1;
			remoteGlobalIDString = E45F57F82BA86E5500041796;
			remoteInfo = ElectroluxTestAssignment;
		};
/* End PBXContainerItemProxy section */

/* Begin PBXFileReference section */
		E4371EC52BA979EA007CF442 /* Color+Theme.swift */ = {isa = PBXFileReference; lastKnownFileType = sourcecode.swift; path = "Color+Theme.swift"; sourceTree = "<group>"; };
		E4371EC72BA97ACD007CF442 /* Dimensions.swift */ = {isa = PBXFileReference; lastKnownFileType = sourcecode.swift; path = Dimensions.swift; sourceTree = "<group>"; };
		E4371ECB2BA97DBD007CF442 /* RootView.swift */ = {isa = PBXFileReference; lastKnownFileType = sourcecode.swift; path = RootView.swift; sourceTree = "<group>"; };
		E4371ECE2BA97F5F007CF442 /* View+Size.swift */ = {isa = PBXFileReference; lastKnownFileType = sourcecode.swift; path = "View+Size.swift"; sourceTree = "<group>"; };
		E4371ED32BA98090007CF442 /* FlagCardView.swift */ = {isa = PBXFileReference; lastKnownFileType = sourcecode.swift; path = FlagCardView.swift; sourceTree = "<group>"; };
		E4371ED52BA98676007CF442 /* View+FontStyle.swift */ = {isa = PBXFileReference; lastKnownFileType = sourcecode.swift; path = "View+FontStyle.swift"; sourceTree = "<group>"; };
		E4371EDA2BA99A59007CF442 /* View+CornerRadius.swift */ = {isa = PBXFileReference; lastKnownFileType = sourcecode.swift; path = "View+CornerRadius.swift"; sourceTree = "<group>"; };
		E4371EDC2BA99A84007CF442 /* View+Shadow.swift */ = {isa = PBXFileReference; lastKnownFileType = sourcecode.swift; path = "View+Shadow.swift"; sourceTree = "<group>"; };
		E4371EDE2BA99C3D007CF442 /* Strings+.swift */ = {isa = PBXFileReference; lastKnownFileType = sourcecode.swift; path = "Strings+.swift"; sourceTree = "<group>"; };
		E4371EE22BA99D1B007CF442 /* CountryHeaderView.swift */ = {isa = PBXFileReference; lastKnownFileType = sourcecode.swift; path = CountryHeaderView.swift; sourceTree = "<group>"; };
		E45F57F92BA86E5500041796 /* ElectroluxTestAssignment.app */ = {isa = PBXFileReference; explicitFileType = wrapper.application; includeInIndex = 0; path = ElectroluxTestAssignment.app; sourceTree = BUILT_PRODUCTS_DIR; };
		E45F57FC2BA86E5500041796 /* ElectroluxTestAssignmentApp.swift */ = {isa = PBXFileReference; lastKnownFileType = sourcecode.swift; path = ElectroluxTestAssignmentApp.swift; sourceTree = "<group>"; };
		E45F58002BA86E5600041796 /* Assets.xcassets */ = {isa = PBXFileReference; lastKnownFileType = folder.assetcatalog; path = Assets.xcassets; sourceTree = "<group>"; };
		E45F58032BA86E5600041796 /* Preview Assets.xcassets */ = {isa = PBXFileReference; lastKnownFileType = folder.assetcatalog; path = "Preview Assets.xcassets"; sourceTree = "<group>"; };
		E45F58092BA86E5600041796 /* ElectroluxTestAssignmentTests.xctest */ = {isa = PBXFileReference; explicitFileType = wrapper.cfbundle; includeInIndex = 0; path = ElectroluxTestAssignmentTests.xctest; sourceTree = BUILT_PRODUCTS_DIR; };
		E45F58132BA86E5600041796 /* ElectroluxTestAssignmentUITests.xctest */ = {isa = PBXFileReference; explicitFileType = wrapper.cfbundle; includeInIndex = 0; path = ElectroluxTestAssignmentUITests.xctest; sourceTree = BUILT_PRODUCTS_DIR; };
		E45F58172BA86E5600041796 /* ElectroluxTestAssignmentUITests.swift */ = {isa = PBXFileReference; lastKnownFileType = sourcecode.swift; path = ElectroluxTestAssignmentUITests.swift; sourceTree = "<group>"; };
		E45F58192BA86E5600041796 /* ElectroluxTestAssignmentUITestsLaunchTests.swift */ = {isa = PBXFileReference; lastKnownFileType = sourcecode.swift; path = ElectroluxTestAssignmentUITestsLaunchTests.swift; sourceTree = "<group>"; };
		E45F58302BA87CA400041796 /* CountriesData.json */ = {isa = PBXFileReference; fileEncoding = 4; lastKnownFileType = text.json; path = CountriesData.json; sourceTree = "<group>"; };
		E45F58332BA87CE000041796 /* CountryItem.swift */ = {isa = PBXFileReference; lastKnownFileType = sourcecode.swift; path = CountryItem.swift; sourceTree = "<group>"; };
		E45F58362BA8811300041796 /* CountryDataSource.swift */ = {isa = PBXFileReference; lastKnownFileType = sourcecode.swift; path = CountryDataSource.swift; sourceTree = "<group>"; };
		E45F58382BA8822200041796 /* CountryError.swift */ = {isa = PBXFileReference; lastKnownFileType = sourcecode.swift; path = CountryError.swift; sourceTree = "<group>"; };
		E45F583A2BA8850100041796 /* CountriesDataSourceTests.swift */ = {isa = PBXFileReference; lastKnownFileType = sourcecode.swift; path = CountriesDataSourceTests.swift; sourceTree = "<group>"; };
		E45F583C2BA897E200041796 /* RootViewModel.swift */ = {isa = PBXFileReference; lastKnownFileType = sourcecode.swift; path = RootViewModel.swift; sourceTree = "<group>"; };
		E45F583E2BA89A2700041796 /* RootViewModelTests.swift */ = {isa = PBXFileReference; lastKnownFileType = sourcecode.swift; path = RootViewModelTests.swift; sourceTree = "<group>"; };
/* End PBXFileReference section */

/* Begin PBXFrameworksBuildPhase section */
		E45F57F62BA86E5500041796 /* Frameworks */ = {
			isa = PBXFrameworksBuildPhase;
			buildActionMask = 2147483647;
			files = (
			);
			runOnlyForDeploymentPostprocessing = 0;
		};
		E45F58062BA86E5600041796 /* Frameworks */ = {
			isa = PBXFrameworksBuildPhase;
			buildActionMask = 2147483647;
			files = (
			);
			runOnlyForDeploymentPostprocessing = 0;
		};
		E45F58102BA86E5600041796 /* Frameworks */ = {
			isa = PBXFrameworksBuildPhase;
			buildActionMask = 2147483647;
			files = (
			);
			runOnlyForDeploymentPostprocessing = 0;
		};
/* End PBXFrameworksBuildPhase section */

/* Begin PBXGroup section */
		E4371ECD2BA97F3E007CF442 /* View */ = {
			isa = PBXGroup;
			children = (
				E4371ECE2BA97F5F007CF442 /* View+Size.swift */,
				E4371ED52BA98676007CF442 /* View+FontStyle.swift */,
				E4371EDA2BA99A59007CF442 /* View+CornerRadius.swift */,
				E4371EDC2BA99A84007CF442 /* View+Shadow.swift */,
			);
			path = View;
			sourceTree = "<group>";
		};
		E4371ED12BA98072007CF442 /* Common */ = {
			isa = PBXGroup;
			children = (
				E4371ED22BA9807D007CF442 /* FlagCard */,
			);
			path = Common;
			sourceTree = "<group>";
		};
		E4371ED22BA9807D007CF442 /* FlagCard */ = {
			isa = PBXGroup;
			children = (
				E4371ED32BA98090007CF442 /* FlagCardView.swift */,
			);
			path = FlagCard;
			sourceTree = "<group>";
		};
		E4371EE02BA99CF0007CF442 /* ViewComponents */ = {
			isa = PBXGroup;
			children = (
				E4371EE12BA99CFC007CF442 /* Header */,
			);
			path = ViewComponents;
			sourceTree = "<group>";
		};
		E4371EE12BA99CFC007CF442 /* Header */ = {
			isa = PBXGroup;
			children = (
				E4371EE22BA99D1B007CF442 /* CountryHeaderView.swift */,
			);
			path = Header;
			sourceTree = "<group>";
		};
		E45F57F02BA86E5500041796 = {
			isa = PBXGroup;
			children = (
				E45F57FB2BA86E5500041796 /* ElectroluxTestAssignment */,
				E45F580C2BA86E5600041796 /* ElectroluxTestAssignmentTests */,
				E45F58162BA86E5600041796 /* ElectroluxTestAssignmentUITests */,
				E45F57FA2BA86E5500041796 /* Products */,
			);
			sourceTree = "<group>";
		};
		E45F57FA2BA86E5500041796 /* Products */ = {
			isa = PBXGroup;
			children = (
				E45F57F92BA86E5500041796 /* ElectroluxTestAssignment.app */,
				E45F58092BA86E5600041796 /* ElectroluxTestAssignmentTests.xctest */,
				E45F58132BA86E5600041796 /* ElectroluxTestAssignmentUITests.xctest */,
			);
			name = Products;
			sourceTree = "<group>";
		};
		E45F57FB2BA86E5500041796 /* ElectroluxTestAssignment */ = {
			isa = PBXGroup;
			children = (
				E45F58282BA874B800041796 /* DataSource */,
				E45F58262BA8742200041796 /* Presentation */,
				E45F57FC2BA86E5500041796 /* ElectroluxTestAssignmentApp.swift */,
				E45F58022BA86E5600041796 /* Preview Content */,
			);
			path = ElectroluxTestAssignment;
			sourceTree = "<group>";
		};
		E45F58022BA86E5600041796 /* Preview Content */ = {
			isa = PBXGroup;
			children = (
				E45F58032BA86E5600041796 /* Preview Assets.xcassets */,
			);
			path = "Preview Content";
			sourceTree = "<group>";
		};
		E45F580C2BA86E5600041796 /* ElectroluxTestAssignmentTests */ = {
			isa = PBXGroup;
			children = (
				E45F583A2BA8850100041796 /* CountriesDataSourceTests.swift */,
				E45F583E2BA89A2700041796 /* RootViewModelTests.swift */,
			);
			path = ElectroluxTestAssignmentTests;
			sourceTree = "<group>";
		};
		E45F58162BA86E5600041796 /* ElectroluxTestAssignmentUITests */ = {
			isa = PBXGroup;
			children = (
				E45F58172BA86E5600041796 /* ElectroluxTestAssignmentUITests.swift */,
				E45F58192BA86E5600041796 /* ElectroluxTestAssignmentUITestsLaunchTests.swift */,
			);
			path = ElectroluxTestAssignmentUITests;
			sourceTree = "<group>";
		};
		E45F58262BA8742200041796 /* Presentation */ = {
			isa = PBXGroup;
			children = (
				E4371ED12BA98072007CF442 /* Common */,
				E45F582A2BA874EB00041796 /* CountryDetail */,
				E45F582B2BA8752400041796 /* Extensions */,
				E45F58272BA8749300041796 /* Resources */,
				E45F58292BA874D700041796 /* Root */,
			);
			path = Presentation;
			sourceTree = "<group>";
		};
		E45F58272BA8749300041796 /* Resources */ = {
			isa = PBXGroup;
			children = (
				E45F582C2BA8753500041796 /* Dimensions */,
				E45F582E2BA8754D00041796 /* Strings */,
				E45F58002BA86E5600041796 /* Assets.xcassets */,
			);
			path = Resources;
			sourceTree = "<group>";
		};
		E45F58282BA874B800041796 /* DataSource */ = {
			isa = PBXGroup;
			children = (
				E45F58352BA880FF00041796 /* CountryDataSource */,
				E45F58322BA87CCE00041796 /* Entities */,
				E45F582F2BA879D200041796 /* Fixtures */,
			);
			path = DataSource;
			sourceTree = "<group>";
		};
		E45F58292BA874D700041796 /* Root */ = {
			isa = PBXGroup;
			children = (
				E4371EE02BA99CF0007CF442 /* ViewComponents */,
				E45F583C2BA897E200041796 /* RootViewModel.swift */,
				E4371ECB2BA97DBD007CF442 /* RootView.swift */,
			);
			path = Root;
			sourceTree = "<group>";
		};
		E45F582A2BA874EB00041796 /* CountryDetail */ = {
			isa = PBXGroup;
			children = (
			);
			path = CountryDetail;
			sourceTree = "<group>";
		};
		E45F582B2BA8752400041796 /* Extensions */ = {
			isa = PBXGroup;
			children = (
				E45F582D2BA8753E00041796 /* Colors */,
				E4371ECD2BA97F3E007CF442 /* View */,
			);
			path = Extensions;
			sourceTree = "<group>";
		};
		E45F582C2BA8753500041796 /* Dimensions */ = {
			isa = PBXGroup;
			children = (
				E4371EC72BA97ACD007CF442 /* Dimensions.swift */,
			);
			path = Dimensions;
			sourceTree = "<group>";
		};
		E45F582D2BA8753E00041796 /* Colors */ = {
			isa = PBXGroup;
			children = (
				E4371EC52BA979EA007CF442 /* Color+Theme.swift */,
			);
			path = Colors;
			sourceTree = "<group>";
		};
		E45F582E2BA8754D00041796 /* Strings */ = {
			isa = PBXGroup;
			children = (
				E4371EDE2BA99C3D007CF442 /* Strings+.swift */,
			);
			path = Strings;
			sourceTree = "<group>";
		};
		E45F582F2BA879D200041796 /* Fixtures */ = {
			isa = PBXGroup;
			children = (
				E45F58302BA87CA400041796 /* CountriesData.json */,
			);
			path = Fixtures;
			sourceTree = "<group>";
		};
		E45F58322BA87CCE00041796 /* Entities */ = {
			isa = PBXGroup;
			children = (
				E45F58382BA8822200041796 /* CountryError.swift */,
				E45F58332BA87CE000041796 /* CountryItem.swift */,
			);
			path = Entities;
			sourceTree = "<group>";
		};
		E45F58352BA880FF00041796 /* CountryDataSource */ = {
			isa = PBXGroup;
			children = (
				E45F58362BA8811300041796 /* CountryDataSource.swift */,
			);
			path = CountryDataSource;
			sourceTree = "<group>";
		};
/* End PBXGroup section */

/* Begin PBXNativeTarget section */
		E45F57F82BA86E5500041796 /* ElectroluxTestAssignment */ = {
			isa = PBXNativeTarget;
			buildConfigurationList = E45F581D2BA86E5600041796 /* Build configuration list for PBXNativeTarget "ElectroluxTestAssignment" */;
			buildPhases = (
				E45F57F52BA86E5500041796 /* Sources */,
				E45F57F62BA86E5500041796 /* Frameworks */,
				E45F57F72BA86E5500041796 /* Resources */,
			);
			buildRules = (
			);
			dependencies = (
			);
			name = ElectroluxTestAssignment;
			productName = ElectroluxTestAssignment;
			productReference = E45F57F92BA86E5500041796 /* ElectroluxTestAssignment.app */;
			productType = "com.apple.product-type.application";
		};
		E45F58082BA86E5600041796 /* ElectroluxTestAssignmentTests */ = {
			isa = PBXNativeTarget;
			buildConfigurationList = E45F58202BA86E5600041796 /* Build configuration list for PBXNativeTarget "ElectroluxTestAssignmentTests" */;
			buildPhases = (
				E45F58052BA86E5600041796 /* Sources */,
				E45F58062BA86E5600041796 /* Frameworks */,
				E45F58072BA86E5600041796 /* Resources */,
			);
			buildRules = (
			);
			dependencies = (
				E45F580B2BA86E5600041796 /* PBXTargetDependency */,
			);
			name = ElectroluxTestAssignmentTests;
			productName = ElectroluxTestAssignmentTests;
			productReference = E45F58092BA86E5600041796 /* ElectroluxTestAssignmentTests.xctest */;
			productType = "com.apple.product-type.bundle.unit-test";
		};
		E45F58122BA86E5600041796 /* ElectroluxTestAssignmentUITests */ = {
			isa = PBXNativeTarget;
			buildConfigurationList = E45F58232BA86E5600041796 /* Build configuration list for PBXNativeTarget "ElectroluxTestAssignmentUITests" */;
			buildPhases = (
				E45F580F2BA86E5600041796 /* Sources */,
				E45F58102BA86E5600041796 /* Frameworks */,
				E45F58112BA86E5600041796 /* Resources */,
			);
			buildRules = (
			);
			dependencies = (
				E45F58152BA86E5600041796 /* PBXTargetDependency */,
			);
			name = ElectroluxTestAssignmentUITests;
			productName = ElectroluxTestAssignmentUITests;
			productReference = E45F58132BA86E5600041796 /* ElectroluxTestAssignmentUITests.xctest */;
			productType = "com.apple.product-type.bundle.ui-testing";
		};
/* End PBXNativeTarget section */

/* Begin PBXProject section */
		E45F57F12BA86E5500041796 /* Project object */ = {
			isa = PBXProject;
			attributes = {
				BuildIndependentTargetsInParallel = 1;
				LastSwiftUpdateCheck = 1530;
				LastUpgradeCheck = 1530;
				TargetAttributes = {
					E45F57F82BA86E5500041796 = {
						CreatedOnToolsVersion = 15.3;
					};
					E45F58082BA86E5600041796 = {
						CreatedOnToolsVersion = 15.3;
						TestTargetID = E45F57F82BA86E5500041796;
					};
					E45F58122BA86E5600041796 = {
						CreatedOnToolsVersion = 15.3;
						TestTargetID = E45F57F82BA86E5500041796;
					};
				};
			};
			buildConfigurationList = E45F57F42BA86E5500041796 /* Build configuration list for PBXProject "ElectroluxTestAssignment" */;
			compatibilityVersion = "Xcode 14.0";
			developmentRegion = en;
			hasScannedForEncodings = 0;
			knownRegions = (
				en,
				Base,
			);
			mainGroup = E45F57F02BA86E5500041796;
			productRefGroup = E45F57FA2BA86E5500041796 /* Products */;
			projectDirPath = "";
			projectRoot = "";
			targets = (
				E45F57F82BA86E5500041796 /* ElectroluxTestAssignment */,
				E45F58082BA86E5600041796 /* ElectroluxTestAssignmentTests */,
				E45F58122BA86E5600041796 /* ElectroluxTestAssignmentUITests */,
			);
		};
/* End PBXProject section */

/* Begin PBXResourcesBuildPhase section */
		E45F57F72BA86E5500041796 /* Resources */ = {
			isa = PBXResourcesBuildPhase;
			buildActionMask = 2147483647;
			files = (
				E45F58042BA86E5600041796 /* Preview Assets.xcassets in Resources */,
				E45F58012BA86E5600041796 /* Assets.xcassets in Resources */,
				E45F58312BA87CA400041796 /* CountriesData.json in Resources */,
			);
			runOnlyForDeploymentPostprocessing = 0;
		};
		E45F58072BA86E5600041796 /* Resources */ = {
			isa = PBXResourcesBuildPhase;
			buildActionMask = 2147483647;
			files = (
			);
			runOnlyForDeploymentPostprocessing = 0;
		};
		E45F58112BA86E5600041796 /* Resources */ = {
			isa = PBXResourcesBuildPhase;
			buildActionMask = 2147483647;
			files = (
			);
			runOnlyForDeploymentPostprocessing = 0;
		};
/* End PBXResourcesBuildPhase section */

/* Begin PBXSourcesBuildPhase section */
		E45F57F52BA86E5500041796 /* Sources */ = {
			isa = PBXSourcesBuildPhase;
			buildActionMask = 2147483647;
			files = (
				E45F58392BA8822200041796 /* CountryError.swift in Sources */,
				E4371EDB2BA99A59007CF442 /* View+CornerRadius.swift in Sources */,
				E4371EDF2BA99C3D007CF442 /* Strings+.swift in Sources */,
				E4371EC62BA979EA007CF442 /* Color+Theme.swift in Sources */,
				E45F58372BA8811300041796 /* CountryDataSource.swift in Sources */,
				E4371EC82BA97ACD007CF442 /* Dimensions.swift in Sources */,
				E4371ED62BA98676007CF442 /* View+FontStyle.swift in Sources */,
				E4371ED42BA98090007CF442 /* FlagCardView.swift in Sources */,
				E4371EDD2BA99A84007CF442 /* View+Shadow.swift in Sources */,
				E4371EE32BA99D1B007CF442 /* CountryHeaderView.swift in Sources */,
				E4371ECC2BA97DBD007CF442 /* RootView.swift in Sources */,
				E45F583D2BA897E200041796 /* RootViewModel.swift in Sources */,
				E45F57FD2BA86E5500041796 /* ElectroluxTestAssignmentApp.swift in Sources */,
				E45F58342BA87CE000041796 /* CountryItem.swift in Sources */,
				E4371ECF2BA97F5F007CF442 /* View+Size.swift in Sources */,
			);
			runOnlyForDeploymentPostprocessing = 0;
		};
		E45F58052BA86E5600041796 /* Sources */ = {
			isa = PBXSourcesBuildPhase;
			buildActionMask = 2147483647;
			files = (
				E45F583B2BA8850100041796 /* CountriesDataSourceTests.swift in Sources */,
				E45F583F2BA89A2700041796 /* RootViewModelTests.swift in Sources */,
			);
			runOnlyForDeploymentPostprocessing = 0;
		};
		E45F580F2BA86E5600041796 /* Sources */ = {
			isa = PBXSourcesBuildPhase;
			buildActionMask = 2147483647;
			files = (
				E45F581A2BA86E5600041796 /* ElectroluxTestAssignmentUITestsLaunchTests.swift in Sources */,
				E45F58182BA86E5600041796 /* ElectroluxTestAssignmentUITests.swift in Sources */,
			);
			runOnlyForDeploymentPostprocessing = 0;
		};
/* End PBXSourcesBuildPhase section */

/* Begin PBXTargetDependency section */
		E45F580B2BA86E5600041796 /* PBXTargetDependency */ = {
			isa = PBXTargetDependency;
			target = E45F57F82BA86E5500041796 /* ElectroluxTestAssignment */;
			targetProxy = E45F580A2BA86E5600041796 /* PBXContainerItemProxy */;
		};
		E45F58152BA86E5600041796 /* PBXTargetDependency */ = {
			isa = PBXTargetDependency;
			target = E45F57F82BA86E5500041796 /* ElectroluxTestAssignment */;
			targetProxy = E45F58142BA86E5600041796 /* PBXContainerItemProxy */;
		};
/* End PBXTargetDependency section */

/* Begin XCBuildConfiguration section */
		E45F581B2BA86E5600041796 /* Debug */ = {
			isa = XCBuildConfiguration;
			buildSettings = {
				ALWAYS_SEARCH_USER_PATHS = NO;
				ASSETCATALOG_COMPILER_GENERATE_SWIFT_ASSET_SYMBOL_EXTENSIONS = YES;
				CLANG_ANALYZER_NONNULL = YES;
				CLANG_ANALYZER_NUMBER_OBJECT_CONVERSION = YES_AGGRESSIVE;
				CLANG_CXX_LANGUAGE_STANDARD = "gnu++20";
				CLANG_ENABLE_MODULES = YES;
				CLANG_ENABLE_OBJC_ARC = YES;
				CLANG_ENABLE_OBJC_WEAK = YES;
				CLANG_WARN_BLOCK_CAPTURE_AUTORELEASING = YES;
				CLANG_WARN_BOOL_CONVERSION = YES;
				CLANG_WARN_COMMA = YES;
				CLANG_WARN_CONSTANT_CONVERSION = YES;
				CLANG_WARN_DEPRECATED_OBJC_IMPLEMENTATIONS = YES;
				CLANG_WARN_DIRECT_OBJC_ISA_USAGE = YES_ERROR;
				CLANG_WARN_DOCUMENTATION_COMMENTS = YES;
				CLANG_WARN_EMPTY_BODY = YES;
				CLANG_WARN_ENUM_CONVERSION = YES;
				CLANG_WARN_INFINITE_RECURSION = YES;
				CLANG_WARN_INT_CONVERSION = YES;
				CLANG_WARN_NON_LITERAL_NULL_CONVERSION = YES;
				CLANG_WARN_OBJC_IMPLICIT_RETAIN_SELF = YES;
				CLANG_WARN_OBJC_LITERAL_CONVERSION = YES;
				CLANG_WARN_OBJC_ROOT_CLASS = YES_ERROR;
				CLANG_WARN_QUOTED_INCLUDE_IN_FRAMEWORK_HEADER = YES;
				CLANG_WARN_RANGE_LOOP_ANALYSIS = YES;
				CLANG_WARN_STRICT_PROTOTYPES = YES;
				CLANG_WARN_SUSPICIOUS_MOVE = YES;
				CLANG_WARN_UNGUARDED_AVAILABILITY = YES_AGGRESSIVE;
				CLANG_WARN_UNREACHABLE_CODE = YES;
				CLANG_WARN__DUPLICATE_METHOD_MATCH = YES;
				COPY_PHASE_STRIP = NO;
				DEBUG_INFORMATION_FORMAT = dwarf;
				ENABLE_STRICT_OBJC_MSGSEND = YES;
				ENABLE_TESTABILITY = YES;
				ENABLE_USER_SCRIPT_SANDBOXING = YES;
				GCC_C_LANGUAGE_STANDARD = gnu17;
				GCC_DYNAMIC_NO_PIC = NO;
				GCC_NO_COMMON_BLOCKS = YES;
				GCC_OPTIMIZATION_LEVEL = 0;
				GCC_PREPROCESSOR_DEFINITIONS = (
					"DEBUG=1",
					"$(inherited)",
				);
				GCC_WARN_64_TO_32_BIT_CONVERSION = YES;
				GCC_WARN_ABOUT_RETURN_TYPE = YES_ERROR;
				GCC_WARN_UNDECLARED_SELECTOR = YES;
				GCC_WARN_UNINITIALIZED_AUTOS = YES_AGGRESSIVE;
				GCC_WARN_UNUSED_FUNCTION = YES;
				GCC_WARN_UNUSED_VARIABLE = YES;
				IPHONEOS_DEPLOYMENT_TARGET = 17.4;
				LOCALIZATION_PREFERS_STRING_CATALOGS = YES;
				MTL_ENABLE_DEBUG_INFO = INCLUDE_SOURCE;
				MTL_FAST_MATH = YES;
				ONLY_ACTIVE_ARCH = YES;
				SDKROOT = iphoneos;
				SWIFT_ACTIVE_COMPILATION_CONDITIONS = "DEBUG $(inherited)";
				SWIFT_OPTIMIZATION_LEVEL = "-Onone";
			};
			name = Debug;
		};
		E45F581C2BA86E5600041796 /* Release */ = {
			isa = XCBuildConfiguration;
			buildSettings = {
				ALWAYS_SEARCH_USER_PATHS = NO;
				ASSETCATALOG_COMPILER_GENERATE_SWIFT_ASSET_SYMBOL_EXTENSIONS = YES;
				CLANG_ANALYZER_NONNULL = YES;
				CLANG_ANALYZER_NUMBER_OBJECT_CONVERSION = YES_AGGRESSIVE;
				CLANG_CXX_LANGUAGE_STANDARD = "gnu++20";
				CLANG_ENABLE_MODULES = YES;
				CLANG_ENABLE_OBJC_ARC = YES;
				CLANG_ENABLE_OBJC_WEAK = YES;
				CLANG_WARN_BLOCK_CAPTURE_AUTORELEASING = YES;
				CLANG_WARN_BOOL_CONVERSION = YES;
				CLANG_WARN_COMMA = YES;
				CLANG_WARN_CONSTANT_CONVERSION = YES;
				CLANG_WARN_DEPRECATED_OBJC_IMPLEMENTATIONS = YES;
				CLANG_WARN_DIRECT_OBJC_ISA_USAGE = YES_ERROR;
				CLANG_WARN_DOCUMENTATION_COMMENTS = YES;
				CLANG_WARN_EMPTY_BODY = YES;
				CLANG_WARN_ENUM_CONVERSION = YES;
				CLANG_WARN_INFINITE_RECURSION = YES;
				CLANG_WARN_INT_CONVERSION = YES;
				CLANG_WARN_NON_LITERAL_NULL_CONVERSION = YES;
				CLANG_WARN_OBJC_IMPLICIT_RETAIN_SELF = YES;
				CLANG_WARN_OBJC_LITERAL_CONVERSION = YES;
				CLANG_WARN_OBJC_ROOT_CLASS = YES_ERROR;
				CLANG_WARN_QUOTED_INCLUDE_IN_FRAMEWORK_HEADER = YES;
				CLANG_WARN_RANGE_LOOP_ANALYSIS = YES;
				CLANG_WARN_STRICT_PROTOTYPES = YES;
				CLANG_WARN_SUSPICIOUS_MOVE = YES;
				CLANG_WARN_UNGUARDED_AVAILABILITY = YES_AGGRESSIVE;
				CLANG_WARN_UNREACHABLE_CODE = YES;
				CLANG_WARN__DUPLICATE_METHOD_MATCH = YES;
				COPY_PHASE_STRIP = NO;
				DEBUG_INFORMATION_FORMAT = "dwarf-with-dsym";
				ENABLE_NS_ASSERTIONS = NO;
				ENABLE_STRICT_OBJC_MSGSEND = YES;
				ENABLE_USER_SCRIPT_SANDBOXING = YES;
				GCC_C_LANGUAGE_STANDARD = gnu17;
				GCC_NO_COMMON_BLOCKS = YES;
				GCC_WARN_64_TO_32_BIT_CONVERSION = YES;
				GCC_WARN_ABOUT_RETURN_TYPE = YES_ERROR;
				GCC_WARN_UNDECLARED_SELECTOR = YES;
				GCC_WARN_UNINITIALIZED_AUTOS = YES_AGGRESSIVE;
				GCC_WARN_UNUSED_FUNCTION = YES;
				GCC_WARN_UNUSED_VARIABLE = YES;
				IPHONEOS_DEPLOYMENT_TARGET = 17.4;
				LOCALIZATION_PREFERS_STRING_CATALOGS = YES;
				MTL_ENABLE_DEBUG_INFO = NO;
				MTL_FAST_MATH = YES;
				SDKROOT = iphoneos;
				SWIFT_COMPILATION_MODE = wholemodule;
				VALIDATE_PRODUCT = YES;
			};
			name = Release;
		};
		E45F581E2BA86E5600041796 /* Debug */ = {
			isa = XCBuildConfiguration;
			buildSettings = {
				ASSETCATALOG_COMPILER_APPICON_NAME = AppIcon;
				ASSETCATALOG_COMPILER_GLOBAL_ACCENT_COLOR_NAME = AccentColor;
				CODE_SIGN_STYLE = Automatic;
				CURRENT_PROJECT_VERSION = 1;
				DEVELOPMENT_ASSET_PATHS = "\"ElectroluxTestAssignment/Preview Content\"";
				DEVELOPMENT_TEAM = 58276YCSXY;
				ENABLE_PREVIEWS = YES;
				GENERATE_INFOPLIST_FILE = YES;
				INFOPLIST_KEY_UIApplicationSceneManifest_Generation = YES;
				INFOPLIST_KEY_UIApplicationSupportsIndirectInputEvents = YES;
				INFOPLIST_KEY_UILaunchScreen_Generation = YES;
				INFOPLIST_KEY_UISupportedInterfaceOrientations = UIInterfaceOrientationPortrait;
				INFOPLIST_KEY_UISupportedInterfaceOrientations_iPad = "UIInterfaceOrientationLandscapeLeft UIInterfaceOrientationLandscapeRight UIInterfaceOrientationPortrait UIInterfaceOrientationPortraitUpsideDown";
				IPHONEOS_DEPLOYMENT_TARGET = 16.0;
				LD_RUNPATH_SEARCH_PATHS = (
					"$(inherited)",
					"@executable_path/Frameworks",
				);
				MARKETING_VERSION = 1.0;
				PRODUCT_BUNDLE_IDENTIFIER = com.olofHammar.ElectroluxTestAssignment;
				PRODUCT_NAME = "$(TARGET_NAME)";
				SUPPORTED_PLATFORMS = "iphoneos iphonesimulator";
				SUPPORTS_MACCATALYST = NO;
				SUPPORTS_MAC_DESIGNED_FOR_IPHONE_IPAD = NO;
				SUPPORTS_XR_DESIGNED_FOR_IPHONE_IPAD = NO;
				SWIFT_EMIT_LOC_STRINGS = YES;
				SWIFT_VERSION = 5.0;
				TARGETED_DEVICE_FAMILY = 1;
			};
			name = Debug;
		};
		E45F581F2BA86E5600041796 /* Release */ = {
			isa = XCBuildConfiguration;
			buildSettings = {
				ASSETCATALOG_COMPILER_APPICON_NAME = AppIcon;
				ASSETCATALOG_COMPILER_GLOBAL_ACCENT_COLOR_NAME = AccentColor;
				CODE_SIGN_STYLE = Automatic;
				CURRENT_PROJECT_VERSION = 1;
				DEVELOPMENT_ASSET_PATHS = "\"ElectroluxTestAssignment/Preview Content\"";
				DEVELOPMENT_TEAM = 58276YCSXY;
				ENABLE_PREVIEWS = YES;
				GENERATE_INFOPLIST_FILE = YES;
				INFOPLIST_KEY_UIApplicationSceneManifest_Generation = YES;
				INFOPLIST_KEY_UIApplicationSupportsIndirectInputEvents = YES;
				INFOPLIST_KEY_UILaunchScreen_Generation = YES;
				INFOPLIST_KEY_UISupportedInterfaceOrientations = UIInterfaceOrientationPortrait;
				INFOPLIST_KEY_UISupportedInterfaceOrientations_iPad = "UIInterfaceOrientationLandscapeLeft UIInterfaceOrientationLandscapeRight UIInterfaceOrientationPortrait UIInterfaceOrientationPortraitUpsideDown";
				IPHONEOS_DEPLOYMENT_TARGET = 16.0;
				LD_RUNPATH_SEARCH_PATHS = (
					"$(inherited)",
					"@executable_path/Frameworks",
				);
				MARKETING_VERSION = 1.0;
				PRODUCT_BUNDLE_IDENTIFIER = com.olofHammar.ElectroluxTestAssignment;
				PRODUCT_NAME = "$(TARGET_NAME)";
				SUPPORTED_PLATFORMS = "iphoneos iphonesimulator";
				SUPPORTS_MACCATALYST = NO;
				SUPPORTS_MAC_DESIGNED_FOR_IPHONE_IPAD = NO;
				SUPPORTS_XR_DESIGNED_FOR_IPHONE_IPAD = NO;
				SWIFT_EMIT_LOC_STRINGS = YES;
				SWIFT_VERSION = 5.0;
				TARGETED_DEVICE_FAMILY = 1;
			};
			name = Release;
		};
		E45F58212BA86E5600041796 /* Debug */ = {
			isa = XCBuildConfiguration;
			buildSettings = {
				ALWAYS_EMBED_SWIFT_STANDARD_LIBRARIES = YES;
				BUNDLE_LOADER = "$(TEST_HOST)";
				CODE_SIGN_STYLE = Automatic;
				CURRENT_PROJECT_VERSION = 1;
				DEVELOPMENT_TEAM = 58276YCSXY;
				GENERATE_INFOPLIST_FILE = YES;
				IPHONEOS_DEPLOYMENT_TARGET = 16.0;
				MARKETING_VERSION = 1.0;
				PRODUCT_BUNDLE_IDENTIFIER = com.olofHammar.ElectroluxTestAssignmentTests;
				PRODUCT_NAME = "$(TARGET_NAME)";
				SWIFT_EMIT_LOC_STRINGS = NO;
				SWIFT_VERSION = 5.0;
				TARGETED_DEVICE_FAMILY = "1,2";
				TEST_HOST = "$(BUILT_PRODUCTS_DIR)/ElectroluxTestAssignment.app/$(BUNDLE_EXECUTABLE_FOLDER_PATH)/ElectroluxTestAssignment";
			};
			name = Debug;
		};
		E45F58222BA86E5600041796 /* Release */ = {
			isa = XCBuildConfiguration;
			buildSettings = {
				ALWAYS_EMBED_SWIFT_STANDARD_LIBRARIES = YES;
				BUNDLE_LOADER = "$(TEST_HOST)";
				CODE_SIGN_STYLE = Automatic;
				CURRENT_PROJECT_VERSION = 1;
				DEVELOPMENT_TEAM = 58276YCSXY;
				GENERATE_INFOPLIST_FILE = YES;
				IPHONEOS_DEPLOYMENT_TARGET = 16.0;
				MARKETING_VERSION = 1.0;
				PRODUCT_BUNDLE_IDENTIFIER = com.olofHammar.ElectroluxTestAssignmentTests;
				PRODUCT_NAME = "$(TARGET_NAME)";
				SWIFT_EMIT_LOC_STRINGS = NO;
				SWIFT_VERSION = 5.0;
				TARGETED_DEVICE_FAMILY = "1,2";
				TEST_HOST = "$(BUILT_PRODUCTS_DIR)/ElectroluxTestAssignment.app/$(BUNDLE_EXECUTABLE_FOLDER_PATH)/ElectroluxTestAssignment";
			};
			name = Release;
		};
		E45F58242BA86E5600041796 /* Debug */ = {
			isa = XCBuildConfiguration;
			buildSettings = {
				ALWAYS_EMBED_SWIFT_STANDARD_LIBRARIES = YES;
				CODE_SIGN_STYLE = Automatic;
				CURRENT_PROJECT_VERSION = 1;
				DEVELOPMENT_TEAM = 58276YCSXY;
				GENERATE_INFOPLIST_FILE = YES;
				MARKETING_VERSION = 1.0;
				PRODUCT_BUNDLE_IDENTIFIER = com.olofHammar.ElectroluxTestAssignmentUITests;
				PRODUCT_NAME = "$(TARGET_NAME)";
				SWIFT_EMIT_LOC_STRINGS = NO;
				SWIFT_VERSION = 5.0;
				TARGETED_DEVICE_FAMILY = "1,2";
				TEST_TARGET_NAME = ElectroluxTestAssignment;
			};
			name = Debug;
		};
		E45F58252BA86E5600041796 /* Release */ = {
			isa = XCBuildConfiguration;
			buildSettings = {
				ALWAYS_EMBED_SWIFT_STANDARD_LIBRARIES = YES;
				CODE_SIGN_STYLE = Automatic;
				CURRENT_PROJECT_VERSION = 1;
				DEVELOPMENT_TEAM = 58276YCSXY;
				GENERATE_INFOPLIST_FILE = YES;
				MARKETING_VERSION = 1.0;
				PRODUCT_BUNDLE_IDENTIFIER = com.olofHammar.ElectroluxTestAssignmentUITests;
				PRODUCT_NAME = "$(TARGET_NAME)";
				SWIFT_EMIT_LOC_STRINGS = NO;
				SWIFT_VERSION = 5.0;
				TARGETED_DEVICE_FAMILY = "1,2";
				TEST_TARGET_NAME = ElectroluxTestAssignment;
			};
			name = Release;
		};
/* End XCBuildConfiguration section */

/* Begin XCConfigurationList section */
		E45F57F42BA86E5500041796 /* Build configuration list for PBXProject "ElectroluxTestAssignment" */ = {
			isa = XCConfigurationList;
			buildConfigurations = (
				E45F581B2BA86E5600041796 /* Debug */,
				E45F581C2BA86E5600041796 /* Release */,
			);
			defaultConfigurationIsVisible = 0;
			defaultConfigurationName = Release;
		};
		E45F581D2BA86E5600041796 /* Build configuration list for PBXNativeTarget "ElectroluxTestAssignment" */ = {
			isa = XCConfigurationList;
			buildConfigurations = (
				E45F581E2BA86E5600041796 /* Debug */,
				E45F581F2BA86E5600041796 /* Release */,
			);
			defaultConfigurationIsVisible = 0;
			defaultConfigurationName = Release;
		};
		E45F58202BA86E5600041796 /* Build configuration list for PBXNativeTarget "ElectroluxTestAssignmentTests" */ = {
			isa = XCConfigurationList;
			buildConfigurations = (
				E45F58212BA86E5600041796 /* Debug */,
				E45F58222BA86E5600041796 /* Release */,
			);
			defaultConfigurationIsVisible = 0;
			defaultConfigurationName = Release;
		};
		E45F58232BA86E5600041796 /* Build configuration list for PBXNativeTarget "ElectroluxTestAssignmentUITests" */ = {
			isa = XCConfigurationList;
			buildConfigurations = (
				E45F58242BA86E5600041796 /* Debug */,
				E45F58252BA86E5600041796 /* Release */,
			);
			defaultConfigurationIsVisible = 0;
			defaultConfigurationName = Release;
		};
/* End XCConfigurationList section */
	};
	rootObject = E45F57F12BA86E5500041796 /* Project object */;
}
